
Microsoft Visual Studio Solution File, Format Version 12.00
# Visual Studio Version 17
VisualStudioVersion = 17.0.31903.59
MinimumVisualStudioVersion = 10.0.40219.1
Project("{FAE04EC0-301F-11D3-BF4B-00C04F79EFBC}") = "Netflix.Data", "Netflix.Data\Netflix.Data.csproj", "{7FDE51E2-D3DB-4EEB-850A-A1D8BEC69B78}"
EndProject
Project("{FAE04EC0-301F-11D3-BF4B-00C04F79EFBC}") = "Netflix.Business", "Netflix.Business\Netflix.Business.csproj", "{E7D2DADA-82E7-446F-B525-082E97656A2E}"
EndProject
Project("{FAE04EC0-301F-11D3-BF4B-00C04F79EFBC}") = "Netflix.API", "Netflix.API\Netflix.API.csproj", "{FA863829-7CFA-412E-8415-94FF9F4E3D9F}"
EndProject
Project("{2150E333-8FDC-42A3-9474-1A3956D46DE8}") = "Dockerfile", "Dockerfile", "{02EA681E-C7D8-13C7-8484-4AC65E1B71E8}"
	ProjectSection(SolutionItems) = preProject
		Dockerfile = Dockerfile
	EndProjectSection
EndProject
Project("{2150E333-8FDC-42A3-9474-1A3956D46DE8}") = "Solution Items", "Solution Items", "{8EC462FD-D22E-90A8-E5CE-7E832BA40C5D}"
	ProjectSection(SolutionItems) = preProject
		.gitignore = .gitignore
		README.md = README.md
	EndProjectSection
EndProject
Global
	GlobalSection(SolutionConfigurationPlatforms) = preSolution
		Debug|Any CPU = Debug|Any CPU
		Debug|x64 = Debug|x64
		Debug|x86 = Debug|x86
		Release|Any CPU = Release|Any CPU
		Release|x64 = Release|x64
		Release|x86 = Release|x86
	EndGlobalSection
	GlobalSection(ProjectConfigurationPlatforms) = postSolution
		{7FDE51E2-D3DB-4EEB-850A-A1D8BEC69B78}.Debug|Any CPU.ActiveCfg = Debug|Any CPU
		{7FDE51E2-D3DB-4EEB-850A-A1D8BEC69B78}.Debug|Any CPU.Build.0 = Debug|Any CPU
		{7FDE51E2-D3DB-4EEB-850A-A1D8BEC69B78}.Debug|x64.ActiveCfg = Debug|Any CPU
		{7FDE51E2-D3DB-4EEB-850A-A1D8BEC69B78}.Debug|x64.Build.0 = Debug|Any CPU
		{7FDE51E2-D3DB-4EEB-850A-A1D8BEC69B78}.Debug|x86.ActiveCfg = Debug|Any CPU
		{7FDE51E2-D3DB-4EEB-850A-A1D8BEC69B78}.Debug|x86.Build.0 = Debug|Any CPU
		{7FDE51E2-D3DB-4EEB-850A-A1D8BEC69B78}.Release|Any CPU.ActiveCfg = Release|Any CPU
		{7FDE51E2-D3DB-4EEB-850A-A1D8BEC69B78}.Release|Any CPU.Build.0 = Release|Any CPU
		{7FDE51E2-D3DB-4EEB-850A-A1D8BEC69B78}.Release|x64.ActiveCfg = Release|Any CPU
		{7FDE51E2-D3DB-4EEB-850A-A1D8BEC69B78}.Release|x64.Build.0 = Release|Any CPU
		{7FDE51E2-D3DB-4EEB-850A-A1D8BEC69B78}.Release|x86.ActiveCfg = Release|Any CPU
		{7FDE51E2-D3DB-4EEB-850A-A1D8BEC69B78}.Release|x86.Build.0 = Release|Any CPU
		{E7D2DADA-82E7-446F-B525-082E97656A2E}.Debug|Any CPU.ActiveCfg = Debug|Any CPU
		{E7D2DADA-82E7-446F-B525-082E97656A2E}.Debug|Any CPU.Build.0 = Debug|Any CPU
		{E7D2DADA-82E7-446F-B525-082E97656A2E}.Debug|x64.ActiveCfg = Debug|Any CPU
		{E7D2DADA-82E7-446F-B525-082E97656A2E}.Debug|x64.Build.0 = Debug|Any CPU
		{E7D2DADA-82E7-446F-B525-082E97656A2E}.Debug|x86.ActiveCfg = Debug|Any CPU
		{E7D2DADA-82E7-446F-B525-082E97656A2E}.Debug|x86.Build.0 = Debug|Any CPU
		{E7D2DADA-82E7-446F-B525-082E97656A2E}.Release|Any CPU.ActiveCfg = Release|Any CPU
		{E7D2DADA-82E7-446F-B525-082E97656A2E}.Release|Any CPU.Build.0 = Release|Any CPU
		{E7D2DADA-82E7-446F-B525-082E97656A2E}.Release|x64.ActiveCfg = Release|Any CPU
		{E7D2DADA-82E7-446F-B525-082E97656A2E}.Release|x64.Build.0 = Release|Any CPU
		{E7D2DADA-82E7-446F-B525-082E97656A2E}.Release|x86.ActiveCfg = Release|Any CPU
		{E7D2DADA-82E7-446F-B525-082E97656A2E}.Release|x86.Build.0 = Release|Any CPU
		{FA863829-7CFA-412E-8415-94FF9F4E3D9F}.Debug|Any CPU.ActiveCfg = Debug|Any CPU
		{FA863829-7CFA-412E-8415-94FF9F4E3D9F}.Debug|Any CPU.Build.0 = Debug|Any CPU
		{FA863829-7CFA-412E-8415-94FF9F4E3D9F}.Debug|x64.ActiveCfg = Debug|Any CPU
		{FA863829-7CFA-412E-8415-94FF9F4E3D9F}.Debug|x64.Build.0 = Debug|Any CPU
		{FA863829-7CFA-412E-8415-94FF9F4E3D9F}.Debug|x86.ActiveCfg = Debug|Any CPU
		{FA863829-7CFA-412E-8415-94FF9F4E3D9F}.Debug|x86.Build.0 = Debug|Any CPU
		{FA863829-7CFA-412E-8415-94FF9F4E3D9F}.Release|Any CPU.ActiveCfg = Release|Any CPU
		{FA863829-7CFA-412E-8415-94FF9F4E3D9F}.Release|Any CPU.Build.0 = Release|Any CPU
		{FA863829-7CFA-412E-8415-94FF9F4E3D9F}.Release|x64.ActiveCfg = Release|Any CPU
		{FA863829-7CFA-412E-8415-94FF9F4E3D9F}.Release|x64.Build.0 = Release|Any CPU
		{FA863829-7CFA-412E-8415-94FF9F4E3D9F}.Release|x86.ActiveCfg = Release|Any CPU
		{FA863829-7CFA-412E-8415-94FF9F4E3D9F}.Release|x86.Build.0 = Release|Any CPU
	EndGlobalSection
	GlobalSection(SolutionProperties) = preSolution
		HideSolutionNode = FALSE
	EndGlobalSection
	GlobalSection(ExtensibilityGlobals) = postSolution
		SolutionGuid = {94A46F76-1757-4F78-9DB6-5D50E3B10573}
	EndGlobalSection
EndGlobal
